
Microsoft Visual Studio Solution File, Format Version 12.00
# Visual Studio 15
VisualStudioVersion = 15.0.27428.2002
MinimumVisualStudioVersion = 10.0.40219.1
Project("{9A19103F-16F7-4668-BE54-9A1E7A4F7556}") = "DiboWeb", "DiboWeb\DiboWeb.csproj", "{475A7077-68AF-4937-BBFC-F4B407506CED}"
EndProject
Project("{9A19103F-16F7-4668-BE54-9A1E7A4F7556}") = "XUnitTestDiboWeb", "XUnitTestDiboWeb\XUnitTestDiboWeb.csproj", "{6F0B7125-4192-4258-A848-525E1608E7FD}"
EndProject
Project("{FAE04EC0-301F-11D3-BF4B-00C04F79EFBC}") = "DiboAndroid", "DiboAndroid\DiboAndroid.csproj", "{4920E1C0-77D6-454E-AD85-525C2D27C38A}"
EndProject
Project("{FAE04EC0-301F-11D3-BF4B-00C04F79EFBC}") = "AMapBinding", "AMapBinding\AMapBinding.csproj", "{A9807C12-D953-4675-9F8D-9B91DFD05DCF}"
EndProject
Global
	GlobalSection(SolutionConfigurationPlatforms) = preSolution
		Ad-Hoc|Any CPU = Ad-Hoc|Any CPU
		Ad-Hoc|ARM = Ad-Hoc|ARM
		Ad-Hoc|iPhone = Ad-Hoc|iPhone
		Ad-Hoc|iPhoneSimulator = Ad-Hoc|iPhoneSimulator
		Ad-Hoc|x64 = Ad-Hoc|x64
		Ad-Hoc|x86 = Ad-Hoc|x86
		AppStore|Any CPU = AppStore|Any CPU
		AppStore|ARM = AppStore|ARM
		AppStore|iPhone = AppStore|iPhone
		AppStore|iPhoneSimulator = AppStore|iPhoneSimulator
		AppStore|x64 = AppStore|x64
		AppStore|x86 = AppStore|x86
		Debug|Any CPU = Debug|Any CPU
		Debug|ARM = Debug|ARM
		Debug|iPhone = Debug|iPhone
		Debug|iPhoneSimulator = Debug|iPhoneSimulator
		Debug|x64 = Debug|x64
		Debug|x86 = Debug|x86
		Release|Any CPU = Release|Any CPU
		Release|ARM = Release|ARM
		Release|iPhone = Release|iPhone
		Release|iPhoneSimulator = Release|iPhoneSimulator
		Release|x64 = Release|x64
		Release|x86 = Release|x86
	EndGlobalSection
	GlobalSection(ProjectConfigurationPlatforms) = postSolution
		{475A7077-68AF-4937-BBFC-F4B407506CED}.Ad-Hoc|Any CPU.ActiveCfg = Release|Any CPU
		{475A7077-68AF-4937-BBFC-F4B407506CED}.Ad-Hoc|Any CPU.Build.0 = Release|Any CPU
		{475A7077-68AF-4937-BBFC-F4B407506CED}.Ad-Hoc|ARM.ActiveCfg = Release|Any CPU
		{475A7077-68AF-4937-BBFC-F4B407506CED}.Ad-Hoc|ARM.Build.0 = Release|Any CPU
		{475A7077-68AF-4937-BBFC-F4B407506CED}.Ad-Hoc|iPhone.ActiveCfg = Release|Any CPU
		{475A7077-68AF-4937-BBFC-F4B407506CED}.Ad-Hoc|iPhone.Build.0 = Release|Any CPU
		{475A7077-68AF-4937-BBFC-F4B407506CED}.Ad-Hoc|iPhoneSimulator.ActiveCfg = Release|Any CPU
		{475A7077-68AF-4937-BBFC-F4B407506CED}.Ad-Hoc|iPhoneSimulator.Build.0 = Release|Any CPU
		{475A7077-68AF-4937-BBFC-F4B407506CED}.Ad-Hoc|x64.ActiveCfg = Release|Any CPU
		{475A7077-68AF-4937-BBFC-F4B407506CED}.Ad-Hoc|x64.Build.0 = Release|Any CPU
		{475A7077-68AF-4937-BBFC-F4B407506CED}.Ad-Hoc|x86.ActiveCfg = Release|Any CPU
		{475A7077-68AF-4937-BBFC-F4B407506CED}.Ad-Hoc|x86.Build.0 = Release|Any CPU
		{475A7077-68AF-4937-BBFC-F4B407506CED}.AppStore|Any CPU.ActiveCfg = Release|Any CPU
		{475A7077-68AF-4937-BBFC-F4B407506CED}.AppStore|Any CPU.Build.0 = Release|Any CPU
		{475A7077-68AF-4937-BBFC-F4B407506CED}.AppStore|ARM.ActiveCfg = Release|Any CPU
		{475A7077-68AF-4937-BBFC-F4B407506CED}.AppStore|ARM.Build.0 = Release|Any CPU
		{475A7077-68AF-4937-BBFC-F4B407506CED}.AppStore|iPhone.ActiveCfg = Release|Any CPU
		{475A7077-68AF-4937-BBFC-F4B407506CED}.AppStore|iPhone.Build.0 = Release|Any CPU
		{475A7077-68AF-4937-BBFC-F4B407506CED}.AppStore|iPhoneSimulator.ActiveCfg = Release|Any CPU
		{475A7077-68AF-4937-BBFC-F4B407506CED}.AppStore|iPhoneSimulator.Build.0 = Release|Any CPU
		{475A7077-68AF-4937-BBFC-F4B407506CED}.AppStore|x64.ActiveCfg = Release|Any CPU
		{475A7077-68AF-4937-BBFC-F4B407506CED}.AppStore|x64.Build.0 = Release|Any CPU
		{475A7077-68AF-4937-BBFC-F4B407506CED}.AppStore|x86.ActiveCfg = Release|Any CPU
		{475A7077-68AF-4937-BBFC-F4B407506CED}.AppStore|x86.Build.0 = Release|Any CPU
		{475A7077-68AF-4937-BBFC-F4B407506CED}.Debug|Any CPU.ActiveCfg = Debug|Any CPU
		{475A7077-68AF-4937-BBFC-F4B407506CED}.Debug|Any CPU.Build.0 = Debug|Any CPU
		{475A7077-68AF-4937-BBFC-F4B407506CED}.Debug|ARM.ActiveCfg = Debug|Any CPU
		{475A7077-68AF-4937-BBFC-F4B407506CED}.Debug|ARM.Build.0 = Debug|Any CPU
		{475A7077-68AF-4937-BBFC-F4B407506CED}.Debug|iPhone.ActiveCfg = Debug|Any CPU
		{475A7077-68AF-4937-BBFC-F4B407506CED}.Debug|iPhone.Build.0 = Debug|Any CPU
		{475A7077-68AF-4937-BBFC-F4B407506CED}.Debug|iPhoneSimulator.ActiveCfg = Debug|Any CPU
		{475A7077-68AF-4937-BBFC-F4B407506CED}.Debug|iPhoneSimulator.Build.0 = Debug|Any CPU
		{475A7077-68AF-4937-BBFC-F4B407506CED}.Debug|x64.ActiveCfg = Debug|Any CPU
		{475A7077-68AF-4937-BBFC-F4B407506CED}.Debug|x64.Build.0 = Debug|Any CPU
		{475A7077-68AF-4937-BBFC-F4B407506CED}.Debug|x86.ActiveCfg = Debug|Any CPU
		{475A7077-68AF-4937-BBFC-F4B407506CED}.Debug|x86.Build.0 = Debug|Any CPU
		{475A7077-68AF-4937-BBFC-F4B407506CED}.Release|Any CPU.ActiveCfg = Release|Any CPU
		{475A7077-68AF-4937-BBFC-F4B407506CED}.Release|Any CPU.Build.0 = Release|Any CPU
		{475A7077-68AF-4937-BBFC-F4B407506CED}.Release|ARM.ActiveCfg = Release|Any CPU
		{475A7077-68AF-4937-BBFC-F4B407506CED}.Release|ARM.Build.0 = Release|Any CPU
		{475A7077-68AF-4937-BBFC-F4B407506CED}.Release|iPhone.ActiveCfg = Release|Any CPU
		{475A7077-68AF-4937-BBFC-F4B407506CED}.Release|iPhone.Build.0 = Release|Any CPU
		{475A7077-68AF-4937-BBFC-F4B407506CED}.Release|iPhoneSimulator.ActiveCfg = Release|Any CPU
		{475A7077-68AF-4937-BBFC-F4B407506CED}.Release|iPhoneSimulator.Build.0 = Release|Any CPU
		{475A7077-68AF-4937-BBFC-F4B407506CED}.Release|x64.ActiveCfg = Release|Any CPU
		{475A7077-68AF-4937-BBFC-F4B407506CED}.Release|x64.Build.0 = Release|Any CPU
		{475A7077-68AF-4937-BBFC-F4B407506CED}.Release|x86.ActiveCfg = Release|Any CPU
		{475A7077-68AF-4937-BBFC-F4B407506CED}.Release|x86.Build.0 = Release|Any CPU
		{6F0B7125-4192-4258-A848-525E1608E7FD}.Ad-Hoc|Any CPU.ActiveCfg = Release|Any CPU
		{6F0B7125-4192-4258-A848-525E1608E7FD}.Ad-Hoc|Any CPU.Build.0 = Release|Any CPU
		{6F0B7125-4192-4258-A848-525E1608E7FD}.Ad-Hoc|ARM.ActiveCfg = Release|Any CPU
		{6F0B7125-4192-4258-A848-525E1608E7FD}.Ad-Hoc|ARM.Build.0 = Release|Any CPU
		{6F0B7125-4192-4258-A848-525E1608E7FD}.Ad-Hoc|iPhone.ActiveCfg = Release|Any CPU
		{6F0B7125-4192-4258-A848-525E1608E7FD}.Ad-Hoc|iPhone.Build.0 = Release|Any CPU
		{6F0B7125-4192-4258-A848-525E1608E7FD}.Ad-Hoc|iPhoneSimulator.ActiveCfg = Release|Any CPU
		{6F0B7125-4192-4258-A848-525E1608E7FD}.Ad-Hoc|iPhoneSimulator.Build.0 = Release|Any CPU
		{6F0B7125-4192-4258-A848-525E1608E7FD}.Ad-Hoc|x64.ActiveCfg = Release|Any CPU
		{6F0B7125-4192-4258-A848-525E1608E7FD}.Ad-Hoc|x64.Build.0 = Release|Any CPU
		{6F0B7125-4192-4258-A848-525E1608E7FD}.Ad-Hoc|x86.ActiveCfg = Release|Any CPU
		{6F0B7125-4192-4258-A848-525E1608E7FD}.Ad-Hoc|x86.Build.0 = Release|Any CPU
		{6F0B7125-4192-4258-A848-525E1608E7FD}.AppStore|Any CPU.ActiveCfg = Release|Any CPU
		{6F0B7125-4192-4258-A848-525E1608E7FD}.AppStore|Any CPU.Build.0 = Release|Any CPU
		{6F0B7125-4192-4258-A848-525E1608E7FD}.AppStore|ARM.ActiveCfg = Release|Any CPU
		{6F0B7125-4192-4258-A848-525E1608E7FD}.AppStore|ARM.Build.0 = Release|Any CPU
		{6F0B7125-4192-4258-A848-525E1608E7FD}.AppStore|iPhone.ActiveCfg = Release|Any CPU
		{6F0B7125-4192-4258-A848-525E1608E7FD}.AppStore|iPhone.Build.0 = Release|Any CPU
		{6F0B7125-4192-4258-A848-525E1608E7FD}.AppStore|iPhoneSimulator.ActiveCfg = Release|Any CPU
		{6F0B7125-4192-4258-A848-525E1608E7FD}.AppStore|iPhoneSimulator.Build.0 = Release|Any CPU
		{6F0B7125-4192-4258-A848-525E1608E7FD}.AppStore|x64.ActiveCfg = Release|Any CPU
		{6F0B7125-4192-4258-A848-525E1608E7FD}.AppStore|x64.Build.0 = Release|Any CPU
		{6F0B7125-4192-4258-A848-525E1608E7FD}.AppStore|x86.ActiveCfg = Release|Any CPU
		{6F0B7125-4192-4258-A848-525E1608E7FD}.AppStore|x86.Build.0 = Release|Any CPU
		{6F0B7125-4192-4258-A848-525E1608E7FD}.Debug|Any CPU.ActiveCfg = Debug|Any CPU
		{6F0B7125-4192-4258-A848-525E1608E7FD}.Debug|Any CPU.Build.0 = Debug|Any CPU
		{6F0B7125-4192-4258-A848-525E1608E7FD}.Debug|ARM.ActiveCfg = Debug|Any CPU
		{6F0B7125-4192-4258-A848-525E1608E7FD}.Debug|ARM.Build.0 = Debug|Any CPU
		{6F0B7125-4192-4258-A848-525E1608E7FD}.Debug|iPhone.ActiveCfg = Debug|Any CPU
		{6F0B7125-4192-4258-A848-525E1608E7FD}.Debug|iPhone.Build.0 = Debug|Any CPU
		{6F0B7125-4192-4258-A848-525E1608E7FD}.Debug|iPhoneSimulator.ActiveCfg = Debug|Any CPU
		{6F0B7125-4192-4258-A848-525E1608E7FD}.Debug|iPhoneSimulator.Build.0 = Debug|Any CPU
		{6F0B7125-4192-4258-A848-525E1608E7FD}.Debug|x64.ActiveCfg = Debug|Any CPU
		{6F0B7125-4192-4258-A848-525E1608E7FD}.Debug|x64.Build.0 = Debug|Any CPU
		{6F0B7125-4192-4258-A848-525E1608E7FD}.Debug|x86.ActiveCfg = Debug|Any CPU
		{6F0B7125-4192-4258-A848-525E1608E7FD}.Debug|x86.Build.0 = Debug|Any CPU
		{6F0B7125-4192-4258-A848-525E1608E7FD}.Release|Any CPU.ActiveCfg = Release|Any CPU
		{6F0B7125-4192-4258-A848-525E1608E7FD}.Release|Any CPU.Build.0 = Release|Any CPU
		{6F0B7125-4192-4258-A848-525E1608E7FD}.Release|ARM.ActiveCfg = Release|Any CPU
		{6F0B7125-4192-4258-A848-525E1608E7FD}.Release|ARM.Build.0 = Release|Any CPU
		{6F0B7125-4192-4258-A848-525E1608E7FD}.Release|iPhone.ActiveCfg = Release|Any CPU
		{6F0B7125-4192-4258-A848-525E1608E7FD}.Release|iPhone.Build.0 = Release|Any CPU
		{6F0B7125-4192-4258-A848-525E1608E7FD}.Release|iPhoneSimulator.ActiveCfg = Release|Any CPU
		{6F0B7125-4192-4258-A848-525E1608E7FD}.Release|iPhoneSimulator.Build.0 = Release|Any CPU
		{6F0B7125-4192-4258-A848-525E1608E7FD}.Release|x64.ActiveCfg = Release|Any CPU
		{6F0B7125-4192-4258-A848-525E1608E7FD}.Release|x64.Build.0 = Release|Any CPU
		{6F0B7125-4192-4258-A848-525E1608E7FD}.Release|x86.ActiveCfg = Release|Any CPU
		{6F0B7125-4192-4258-A848-525E1608E7FD}.Release|x86.Build.0 = Release|Any CPU
		{4920E1C0-77D6-454E-AD85-525C2D27C38A}.Ad-Hoc|Any CPU.ActiveCfg = Release|Any CPU
		{4920E1C0-77D6-454E-AD85-525C2D27C38A}.Ad-Hoc|Any CPU.Build.0 = Release|Any CPU
		{4920E1C0-77D6-454E-AD85-525C2D27C38A}.Ad-Hoc|Any CPU.Deploy.0 = Release|Any CPU
		{4920E1C0-77D6-454E-AD85-525C2D27C38A}.Ad-Hoc|ARM.ActiveCfg = Release|Any CPU
		{4920E1C0-77D6-454E-AD85-525C2D27C38A}.Ad-Hoc|ARM.Build.0 = Release|Any CPU
		{4920E1C0-77D6-454E-AD85-525C2D27C38A}.Ad-Hoc|ARM.Deploy.0 = Release|Any CPU
		{4920E1C0-77D6-454E-AD85-525C2D27C38A}.Ad-Hoc|iPhone.ActiveCfg = Release|Any CPU
		{4920E1C0-77D6-454E-AD85-525C2D27C38A}.Ad-Hoc|iPhone.Build.0 = Release|Any CPU
		{4920E1C0-77D6-454E-AD85-525C2D27C38A}.Ad-Hoc|iPhone.Deploy.0 = Release|Any CPU
		{4920E1C0-77D6-454E-AD85-525C2D27C38A}.Ad-Hoc|iPhoneSimulator.ActiveCfg = Release|Any CPU
		{4920E1C0-77D6-454E-AD85-525C2D27C38A}.Ad-Hoc|iPhoneSimulator.Build.0 = Release|Any CPU
		{4920E1C0-77D6-454E-AD85-525C2D27C38A}.Ad-Hoc|iPhoneSimulator.Deploy.0 = Release|Any CPU
		{4920E1C0-77D6-454E-AD85-525C2D27C38A}.Ad-Hoc|x64.ActiveCfg = Release|Any CPU
		{4920E1C0-77D6-454E-AD85-525C2D27C38A}.Ad-Hoc|x64.Build.0 = Release|Any CPU
		{4920E1C0-77D6-454E-AD85-525C2D27C38A}.Ad-Hoc|x64.Deploy.0 = Release|Any CPU
		{4920E1C0-77D6-454E-AD85-525C2D27C38A}.Ad-Hoc|x86.ActiveCfg = Release|Any CPU
		{4920E1C0-77D6-454E-AD85-525C2D27C38A}.Ad-Hoc|x86.Build.0 = Release|Any CPU
		{4920E1C0-77D6-454E-AD85-525C2D27C38A}.Ad-Hoc|x86.Deploy.0 = Release|Any CPU
		{4920E1C0-77D6-454E-AD85-525C2D27C38A}.AppStore|Any CPU.ActiveCfg = Release|Any CPU
		{4920E1C0-77D6-454E-AD85-525C2D27C38A}.AppStore|Any CPU.Build.0 = Release|Any CPU
		{4920E1C0-77D6-454E-AD85-525C2D27C38A}.AppStore|Any CPU.Deploy.0 = Release|Any CPU
		{4920E1C0-77D6-454E-AD85-525C2D27C38A}.AppStore|ARM.ActiveCfg = Release|Any CPU
		{4920E1C0-77D6-454E-AD85-525C2D27C38A}.AppStore|ARM.Build.0 = Release|Any CPU
		{4920E1C0-77D6-454E-AD85-525C2D27C38A}.AppStore|ARM.Deploy.0 = Release|Any CPU
		{4920E1C0-77D6-454E-AD85-525C2D27C38A}.AppStore|iPhone.ActiveCfg = Release|Any CPU
		{4920E1C0-77D6-454E-AD85-525C2D27C38A}.AppStore|iPhone.Build.0 = Release|Any CPU
		{4920E1C0-77D6-454E-AD85-525C2D27C38A}.AppStore|iPhone.Deploy.0 = Release|Any CPU
		{4920E1C0-77D6-454E-AD85-525C2D27C38A}.AppStore|iPhoneSimulator.ActiveCfg = Release|Any CPU
		{4920E1C0-77D6-454E-AD85-525C2D27C38A}.AppStore|iPhoneSimulator.Build.0 = Release|Any CPU
		{4920E1C0-77D6-454E-AD85-525C2D27C38A}.AppStore|iPhoneSimulator.Deploy.0 = Release|Any CPU
		{4920E1C0-77D6-454E-AD85-525C2D27C38A}.AppStore|x64.ActiveCfg = Release|Any CPU
		{4920E1C0-77D6-454E-AD85-525C2D27C38A}.AppStore|x64.Build.0 = Release|Any CPU
		{4920E1C0-77D6-454E-AD85-525C2D27C38A}.AppStore|x64.Deploy.0 = Release|Any CPU
		{4920E1C0-77D6-454E-AD85-525C2D27C38A}.AppStore|x86.ActiveCfg = Release|Any CPU
		{4920E1C0-77D6-454E-AD85-525C2D27C38A}.AppStore|x86.Build.0 = Release|Any CPU
		{4920E1C0-77D6-454E-AD85-525C2D27C38A}.AppStore|x86.Deploy.0 = Release|Any CPU
		{4920E1C0-77D6-454E-AD85-525C2D27C38A}.Debug|Any CPU.ActiveCfg = Debug|Any CPU
		{4920E1C0-77D6-454E-AD85-525C2D27C38A}.Debug|Any CPU.Build.0 = Debug|Any CPU
		{4920E1C0-77D6-454E-AD85-525C2D27C38A}.Debug|Any CPU.Deploy.0 = Debug|Any CPU
		{4920E1C0-77D6-454E-AD85-525C2D27C38A}.Debug|ARM.ActiveCfg = Debug|Any CPU
		{4920E1C0-77D6-454E-AD85-525C2D27C38A}.Debug|ARM.Build.0 = Debug|Any CPU
		{4920E1C0-77D6-454E-AD85-525C2D27C38A}.Debug|ARM.Deploy.0 = Debug|Any CPU
		{4920E1C0-77D6-454E-AD85-525C2D27C38A}.Debug|iPhone.ActiveCfg = Debug|Any CPU
		{4920E1C0-77D6-454E-AD85-525C2D27C38A}.Debug|iPhone.Build.0 = Debug|Any CPU
		{4920E1C0-77D6-454E-AD85-525C2D27C38A}.Debug|iPhone.Deploy.0 = Debug|Any CPU
		{4920E1C0-77D6-454E-AD85-525C2D27C38A}.Debug|iPhoneSimulator.ActiveCfg = Debug|Any CPU
		{4920E1C0-77D6-454E-AD85-525C2D27C38A}.Debug|iPhoneSimulator.Build.0 = Debug|Any CPU
		{4920E1C0-77D6-454E-AD85-525C2D27C38A}.Debug|iPhoneSimulator.Deploy.0 = Debug|Any CPU
		{4920E1C0-77D6-454E-AD85-525C2D27C38A}.Debug|x64.ActiveCfg = Debug|Any CPU
		{4920E1C0-77D6-454E-AD85-525C2D27C38A}.Debug|x64.Build.0 = Debug|Any CPU
		{4920E1C0-77D6-454E-AD85-525C2D27C38A}.Debug|x64.Deploy.0 = Debug|Any CPU
		{4920E1C0-77D6-454E-AD85-525C2D27C38A}.Debug|x86.ActiveCfg = Debug|Any CPU
		{4920E1C0-77D6-454E-AD85-525C2D27C38A}.Debug|x86.Build.0 = Debug|Any CPU
		{4920E1C0-77D6-454E-AD85-525C2D27C38A}.Debug|x86.Deploy.0 = Debug|Any CPU
		{4920E1C0-77D6-454E-AD85-525C2D27C38A}.Release|Any CPU.ActiveCfg = Release|Any CPU
		{4920E1C0-77D6-454E-AD85-525C2D27C38A}.Release|Any CPU.Build.0 = Release|Any CPU
		{4920E1C0-77D6-454E-AD85-525C2D27C38A}.Release|Any CPU.Deploy.0 = Release|Any CPU
		{4920E1C0-77D6-454E-AD85-525C2D27C38A}.Release|ARM.ActiveCfg = Release|Any CPU
		{4920E1C0-77D6-454E-AD85-525C2D27C38A}.Release|ARM.Build.0 = Release|Any CPU
		{4920E1C0-77D6-454E-AD85-525C2D27C38A}.Release|ARM.Deploy.0 = Release|Any CPU
		{4920E1C0-77D6-454E-AD85-525C2D27C38A}.Release|iPhone.ActiveCfg = Release|Any CPU
		{4920E1C0-77D6-454E-AD85-525C2D27C38A}.Release|iPhone.Build.0 = Release|Any CPU
		{4920E1C0-77D6-454E-AD85-525C2D27C38A}.Release|iPhone.Deploy.0 = Release|Any CPU
		{4920E1C0-77D6-454E-AD85-525C2D27C38A}.Release|iPhoneSimulator.ActiveCfg = Release|Any CPU
		{4920E1C0-77D6-454E-AD85-525C2D27C38A}.Release|iPhoneSimulator.Build.0 = Release|Any CPU
		{4920E1C0-77D6-454E-AD85-525C2D27C38A}.Release|iPhoneSimulator.Deploy.0 = Release|Any CPU
		{4920E1C0-77D6-454E-AD85-525C2D27C38A}.Release|x64.ActiveCfg = Release|Any CPU
		{4920E1C0-77D6-454E-AD85-525C2D27C38A}.Release|x64.Build.0 = Release|Any CPU
		{4920E1C0-77D6-454E-AD85-525C2D27C38A}.Release|x64.Deploy.0 = Release|Any CPU
		{4920E1C0-77D6-454E-AD85-525C2D27C38A}.Release|x86.ActiveCfg = Release|Any CPU
		{4920E1C0-77D6-454E-AD85-525C2D27C38A}.Release|x86.Build.0 = Release|Any CPU
		{4920E1C0-77D6-454E-AD85-525C2D27C38A}.Release|x86.Deploy.0 = Release|Any CPU
		{A9807C12-D953-4675-9F8D-9B91DFD05DCF}.Ad-Hoc|Any CPU.ActiveCfg = Release|Any CPU
		{A9807C12-D953-4675-9F8D-9B91DFD05DCF}.Ad-Hoc|Any CPU.Build.0 = Release|Any CPU
		{A9807C12-D953-4675-9F8D-9B91DFD05DCF}.Ad-Hoc|ARM.ActiveCfg = Release|Any CPU
		{A9807C12-D953-4675-9F8D-9B91DFD05DCF}.Ad-Hoc|ARM.Build.0 = Release|Any CPU
		{A9807C12-D953-4675-9F8D-9B91DFD05DCF}.Ad-Hoc|iPhone.ActiveCfg = Release|Any CPU
		{A9807C12-D953-4675-9F8D-9B91DFD05DCF}.Ad-Hoc|iPhone.Build.0 = Release|Any CPU
		{A9807C12-D953-4675-9F8D-9B91DFD05DCF}.Ad-Hoc|iPhoneSimulator.ActiveCfg = Release|Any CPU
		{A9807C12-D953-4675-9F8D-9B91DFD05DCF}.Ad-Hoc|iPhoneSimulator.Build.0 = Release|Any CPU
		{A9807C12-D953-4675-9F8D-9B91DFD05DCF}.Ad-Hoc|x64.ActiveCfg = Release|Any CPU
		{A9807C12-D953-4675-9F8D-9B91DFD05DCF}.Ad-Hoc|x64.Build.0 = Release|Any CPU
		{A9807C12-D953-4675-9F8D-9B91DFD05DCF}.Ad-Hoc|x86.ActiveCfg = Release|Any CPU
		{A9807C12-D953-4675-9F8D-9B91DFD05DCF}.Ad-Hoc|x86.Build.0 = Release|Any CPU
		{A9807C12-D953-4675-9F8D-9B91DFD05DCF}.AppStore|Any CPU.ActiveCfg = Release|Any CPU
		{A9807C12-D953-4675-9F8D-9B91DFD05DCF}.AppStore|Any CPU.Build.0 = Release|Any CPU
		{A9807C12-D953-4675-9F8D-9B91DFD05DCF}.AppStore|ARM.ActiveCfg = Release|Any CPU
		{A9807C12-D953-4675-9F8D-9B91DFD05DCF}.AppStore|ARM.Build.0 = Release|Any CPU
		{A9807C12-D953-4675-9F8D-9B91DFD05DCF}.AppStore|iPhone.ActiveCfg = Release|Any CPU
		{A9807C12-D953-4675-9F8D-9B91DFD05DCF}.AppStore|iPhone.Build.0 = Release|Any CPU
		{A9807C12-D953-4675-9F8D-9B91DFD05DCF}.AppStore|iPhoneSimulator.ActiveCfg = Release|Any CPU
		{A9807C12-D953-4675-9F8D-9B91DFD05DCF}.AppStore|iPhoneSimulator.Build.0 = Release|Any CPU
		{A9807C12-D953-4675-9F8D-9B91DFD05DCF}.AppStore|x64.ActiveCfg = Release|Any CPU
		{A9807C12-D953-4675-9F8D-9B91DFD05DCF}.AppStore|x64.Build.0 = Release|Any CPU
		{A9807C12-D953-4675-9F8D-9B91DFD05DCF}.AppStore|x86.ActiveCfg = Release|Any CPU
		{A9807C12-D953-4675-9F8D-9B91DFD05DCF}.AppStore|x86.Build.0 = Release|Any CPU
		{A9807C12-D953-4675-9F8D-9B91DFD05DCF}.Debug|Any CPU.ActiveCfg = Debug|Any CPU
		{A9807C12-D953-4675-9F8D-9B91DFD05DCF}.Debug|Any CPU.Build.0 = Debug|Any CPU
		{A9807C12-D953-4675-9F8D-9B91DFD05DCF}.Debug|ARM.ActiveCfg = Debug|Any CPU
		{A9807C12-D953-4675-9F8D-9B91DFD05DCF}.Debug|ARM.Build.0 = Debug|Any CPU
		{A9807C12-D953-4675-9F8D-9B91DFD05DCF}.Debug|iPhone.ActiveCfg = Debug|Any CPU
		{A9807C12-D953-4675-9F8D-9B91DFD05DCF}.Debug|iPhone.Build.0 = Debug|Any CPU
		{A9807C12-D953-4675-9F8D-9B91DFD05DCF}.Debug|iPhoneSimulator.ActiveCfg = Debug|Any CPU
		{A9807C12-D953-4675-9F8D-9B91DFD05DCF}.Debug|iPhoneSimulator.Build.0 = Debug|Any CPU
		{A9807C12-D953-4675-9F8D-9B91DFD05DCF}.Debug|x64.ActiveCfg = Debug|Any CPU
		{A9807C12-D953-4675-9F8D-9B91DFD05DCF}.Debug|x64.Build.0 = Debug|Any CPU
		{A9807C12-D953-4675-9F8D-9B91DFD05DCF}.Debug|x86.ActiveCfg = Debug|Any CPU
		{A9807C12-D953-4675-9F8D-9B91DFD05DCF}.Debug|x86.Build.0 = Debug|Any CPU
		{A9807C12-D953-4675-9F8D-9B91DFD05DCF}.Release|Any CPU.ActiveCfg = Release|Any CPU
		{A9807C12-D953-4675-9F8D-9B91DFD05DCF}.Release|Any CPU.Build.0 = Release|Any CPU
		{A9807C12-D953-4675-9F8D-9B91DFD05DCF}.Release|ARM.ActiveCfg = Release|Any CPU
		{A9807C12-D953-4675-9F8D-9B91DFD05DCF}.Release|ARM.Build.0 = Release|Any CPU
		{A9807C12-D953-4675-9F8D-9B91DFD05DCF}.Release|iPhone.ActiveCfg = Release|Any CPU
		{A9807C12-D953-4675-9F8D-9B91DFD05DCF}.Release|iPhone.Build.0 = Release|Any CPU
		{A9807C12-D953-4675-9F8D-9B91DFD05DCF}.Release|iPhoneSimulator.ActiveCfg = Release|Any CPU
		{A9807C12-D953-4675-9F8D-9B91DFD05DCF}.Release|iPhoneSimulator.Build.0 = Release|Any CPU
		{A9807C12-D953-4675-9F8D-9B91DFD05DCF}.Release|x64.ActiveCfg = Release|Any CPU
		{A9807C12-D953-4675-9F8D-9B91DFD05DCF}.Release|x64.Build.0 = Release|Any CPU
		{A9807C12-D953-4675-9F8D-9B91DFD05DCF}.Release|x86.ActiveCfg = Release|Any CPU
		{A9807C12-D953-4675-9F8D-9B91DFD05DCF}.Release|x86.Build.0 = Release|Any CPU
	EndGlobalSection
	GlobalSection(SolutionProperties) = preSolution
		HideSolutionNode = FALSE
	EndGlobalSection
	GlobalSection(ExtensibilityGlobals) = postSolution
		SolutionGuid = {5512ADDA-793B-4C62-8A5E-1F83DF4A664E}
	EndGlobalSection
EndGlobal
